
Microsoft Visual Studio Solution File, Format Version 12.00
# Visual Studio Version 16
VisualStudioVersion = 16.0.31624.102
MinimumVisualStudioVersion = 10.0.40219.1
Project("{8BC9CEB8-8B4A-11D0-8D11-00A0C91BC942}") = "Unnamed", "Unnamed\Unnamed.vcxproj", "{8E61A417-452F-466D-83CD-3550D6AEE61E}"
EndProject
Global
	GlobalSection(SolutionConfigurationPlatforms) = preSolution
		Debug|x64 = Debug|x64
		Debug|x86 = Debug|x86
		Release|x64 = Release|x64
		Release|x86 = Release|x86
	EndGlobalSection
	GlobalSection(ProjectConfigurationPlatforms) = postSolution
		{8E61A417-452F-466D-83CD-3550D6AEE61E}.Debug|x64.ActiveCfg = Debug|x64
		{8E61A417-452F-466D-83CD-3550D6AEE61E}.Debug|x64.Build.0 = Debug|x64
		{8E61A417-452F-466D-83CD-3550D6AEE61E}.Debug|x86.ActiveCfg = Debug|Win32
		{8E61A417-452F-466D-83CD-3550D6AEE61E}.Debug|x86.Build.0 = Debug|Win32
		{8E61A417-452F-466D-83CD-3550D6AEE61E}.Release|x64.ActiveCfg = Release|x64
		{8E61A417-452F-466D-83CD-3550D6AEE61E}.Release|x64.Build.0 = Release|x64
		{8E61A417-452F-466D-83CD-3550D6AEE61E}.Release|x86.ActiveCfg = Release|Win32
		{8E61A417-452F-466D-83CD-3550D6AEE61E}.Release|x86.Build.0 = Release|Win32
	EndGlobalSection
	GlobalSection(SolutionProperties) = preSolution
		HideSolutionNode = FALSE
	EndGlobalSection
	GlobalSection(ExtensibilityGlobals) = postSolution
		SolutionGuid = {65A39543-A25E-47EC-B2C9-32793C6D5A82}
	EndGlobalSection
EndGlobal
