<?xml version="1.0" encoding="utf-8"?>
<Project ToolsVersion="4.0" xmlns="http://schemas.microsoft.com/developer/msbuild/2003">
  <ItemGroup>
    <Filter Include="Source Files">
      <UniqueIdentifier>{4FC737F1-C7A5-4376-A066-2A32D752A2FF}</UniqueIdentifier>
      <Extensions>cpp;c;cc;cxx;c++;cppm;ixx;def;odl;idl;hpj;bat;asm;asmx</Extensions>
    </Filter>
    <Filter Include="Header Files">
      <UniqueIdentifier>{93995380-89BD-4b04-88EB-625FBE52EBFB}</UniqueIdentifier>
      <Extensions>h;hh;hpp;hxx;h++;hm;inl;inc;ipp;xsd</Extensions>
    </Filter>
    <Filter Include="Header Files\States">
      <UniqueIdentifier>{6bf35503-5632-410e-80dd-f2b2be2831fb}</UniqueIdentifier>
    </Filter>
    <Filter Include="Header Files\Engine">
      <UniqueIdentifier>{43ffb782-4226-4dd1-bd7e-5fe32e0c3722}</UniqueIdentifier>
    </Filter>
    <Filter Include="Source Files\Engine">
      <UniqueIdentifier>{310db1d6-3118-4a3c-924b-148aaf2a6011}</UniqueIdentifier>
    </Filter>
    <Filter Include="Source Files\States">
      <UniqueIdentifier>{d5990af1-7ee9-460a-9085-41427ed572ca}</UniqueIdentifier>
    </Filter>
    <Filter Include="Header Files\Input">
      <UniqueIdentifier>{02349e48-d5ff-4e1f-bf2f-9306cf9716ad}</UniqueIdentifier>
    </Filter>
    <Filter Include="Header Files\Input\Commands">
      <UniqueIdentifier>{c37ff0bc-8ab3-40ff-9ea7-bf3b9c9def84}</UniqueIdentifier>
    </Filter>
    <Filter Include="Header Files\Input\MovementType">
      <UniqueIdentifier>{96c97064-856a-4942-a2d9-6a3aa2dd827f}</UniqueIdentifier>
    </Filter>
    <Filter Include="Source Files\Input">
      <UniqueIdentifier>{e89b31f3-27e9-4738-bbd1-67dbe804aa81}</UniqueIdentifier>
    </Filter>
    <Filter Include="Source Files\Input\Commands">
      <UniqueIdentifier>{dd445fcf-0d7d-4fef-b6a9-6fb6d1eb669c}</UniqueIdentifier>
    </Filter>
    <Filter Include="Source Files\Input\MovementType">
      <UniqueIdentifier>{f0d22942-ba8d-4f3c-9e17-33d747aec99d}</UniqueIdentifier>
    </Filter>
    <Filter Include="Header Files\Events">
      <UniqueIdentifier>{44f6325e-4aa1-4567-86ec-b257b6166180}</UniqueIdentifier>
    </Filter>
    <Filter Include="Header Files\ImGui">
      <UniqueIdentifier>{b1567428-84d5-4418-a251-187b3ecc2821}</UniqueIdentifier>
    </Filter>
    <Filter Include="Source Files\ImGui">
      <UniqueIdentifier>{cede9fd3-c465-4a17-9a9b-280aae4e6a7c}</UniqueIdentifier>
    </Filter>
  </ItemGroup>
  <ItemGroup>
    <ClCompile Include="src\Engine.cpp">
      <Filter>Source Files\Engine</Filter>
    </ClCompile>
    <ClCompile Include="src\MainMenu.cpp">
      <Filter>Source Files\States</Filter>
    </ClCompile>
    <ClCompile Include="src\Main.cpp">
      <Filter>Source Files\Engine</Filter>
    </ClCompile>
    <ClCompile Include="src\CommandDodge.cpp">
      <Filter>Source Files\Input\Commands</Filter>
    </ClCompile>
    <ClCompile Include="src\CommandExSkill.cpp">
      <Filter>Source Files\Input\Commands</Filter>
    </ClCompile>
    <ClCompile Include="src\WayPoint.cpp">
      <Filter>Source Files\Input\MovementType</Filter>
    </ClCompile>
    <ClCompile Include="src\QuadTree.cpp">
      <Filter>Source Files\Engine</Filter>
    </ClCompile>
    <ClCompile Include="src\StateMachine.cpp">
      <Filter>Source Files\Engine</Filter>
    </ClCompile>
    <ClCompile Include="src\Sandbox.cpp">
      <Filter>Source Files\States</Filter>
    </ClCompile>
    <ClCompile Include="src\CommandBasic.cpp">
      <Filter>Source Files\Input\Commands</Filter>
    </ClCompile>
    <ClCompile Include="src\Entity.cpp">
      <Filter>Source Files\Engine</Filter>
    </ClCompile>
    <ClCompile Include="src\SFML-imgui\imgui.cpp">
      <Filter>Source Files\ImGui</Filter>
    </ClCompile>
    <ClCompile Include="src\SFML-imgui\imgui_demo.cpp">
      <Filter>Source Files\ImGui</Filter>
    </ClCompile>
    <ClCompile Include="src\SFML-imgui\imgui_draw.cpp">
      <Filter>Source Files\ImGui</Filter>
    </ClCompile>
    <ClCompile Include="src\SFML-imgui\imgui_tables.cpp">
      <Filter>Source Files\ImGui</Filter>
    </ClCompile>
    <ClCompile Include="src\SFML-imgui\imgui_widgets.cpp">
      <Filter>Source Files\ImGui</Filter>
    </ClCompile>
    <ClCompile Include="src\SFML-imgui\imgui-SFML.cpp">
      <Filter>Source Files\ImGui</Filter>
    </ClCompile>
    <ClCompile Include="src\SystemHelper.cpp">
      <Filter>Source Files\Engine</Filter>
    </ClCompile>
  </ItemGroup>
  <ItemGroup>
    <ClInclude Include="src\MainMenu.hpp">
      <Filter>Header Files\States</Filter>
    </ClInclude>
    <ClInclude Include="src\Engine.hpp">
      <Filter>Header Files\Engine</Filter>
    </ClInclude>
    <ClInclude Include="src\GameData.hpp">
      <Filter>Header Files\Engine</Filter>
    </ClInclude>
    <ClInclude Include="src\Scene.hpp">
      <Filter>Header Files\States</Filter>
    </ClInclude>
    <ClInclude Include="src\Command.hpp">
      <Filter>Header Files\Input\Commands</Filter>
    </ClInclude>
    <ClInclude Include="src\CommandDodge.hpp">
      <Filter>Header Files\Input\Commands</Filter>
    </ClInclude>
    <ClInclude Include="src\CommandExSkill.hpp">
      <Filter>Header Files\Input\Commands</Filter>
    </ClInclude>
    <ClInclude Include="src\WayPoint.hpp">
      <Filter>Header Files\Input\MovementType</Filter>
    </ClInclude>
    <ClInclude Include="src\MCircle.hpp">
      <Filter>Header Files\Input\MovementType</Filter>
    </ClInclude>
    <ClInclude Include="src\MRandom.hpp">
      <Filter>Header Files\Input\MovementType</Filter>
    </ClInclude>
    <ClInclude Include="src\MStraight.hpp">
      <Filter>Header Files\Input\MovementType</Filter>
    </ClInclude>
    <ClInclude Include="src\QuadTree.hpp">
      <Filter>Header Files\Engine</Filter>
    </ClInclude>
    <ClInclude Include="src\StateMachine.hpp">
      <Filter>Header Files\Engine</Filter>
    </ClInclude>
    <ClInclude Include="src\Sandbox.hpp">
      <Filter>Header Files\States</Filter>
    </ClInclude>
    <ClInclude Include="src\CommandBasic.hpp">
      <Filter>Header Files\Input\Commands</Filter>
    </ClInclude>
    <ClInclude Include="src\Component.hpp">
      <Filter>Header Files\Engine</Filter>
    </ClInclude>
    <ClInclude Include="src\Entity.hpp">
      <Filter>Header Files\Engine</Filter>
    </ClInclude>
    <ClInclude Include="src\Event.hpp">
      <Filter>Header Files\Events</Filter>
    </ClInclude>
    <ClInclude Include="src\EventDispatcher.hpp">
      <Filter>Header Files\Events</Filter>
    </ClInclude>
    <ClInclude Include="src\EventHandler.hpp">
      <Filter>Header Files\Events</Filter>
    </ClInclude>
    <ClInclude Include="src\SFML-imgui\imconfig.h">
      <Filter>Header Files\ImGui</Filter>
    </ClInclude>
    <ClInclude Include="src\SFML-imgui\imconfig-SFML.h">
      <Filter>Header Files\ImGui</Filter>
    </ClInclude>
    <ClInclude Include="src\SFML-imgui\imgui.h">
      <Filter>Header Files\ImGui</Filter>
    </ClInclude>
    <ClInclude Include="src\SFML-imgui\imgui_internal.h">
      <Filter>Header Files\ImGui</Filter>
    </ClInclude>
    <ClInclude Include="src\SFML-imgui\imgui-SFML.h">
      <Filter>Header Files\ImGui</Filter>
    </ClInclude>
    <ClInclude Include="src\SFML-imgui\imgui-SFML_export.h">
      <Filter>Header Files\ImGui</Filter>
    </ClInclude>
    <ClInclude Include="src\SFML-imgui\imstb_rectpack.h">
      <Filter>Header Files\ImGui</Filter>
    </ClInclude>
    <ClInclude Include="src\SFML-imgui\imstb_textedit.h">
      <Filter>Header Files\ImGui</Filter>
    </ClInclude>
    <ClInclude Include="src\SFML-imgui\imstb_truetype.h">
      <Filter>Header Files\ImGui</Filter>
    </ClInclude>
    <ClInclude Include="src\SystemHelper.hpp">
      <Filter>Header Files\Engine</Filter>
    </ClInclude>
  </ItemGroup>
  <ItemGroup>
    <Font Include="resources\font\VCR_OSD_MONO_1.001.ttf" />
  </ItemGroup>
</Project>